
Microsoft Visual Studio Solution File, Format Version 12.00
# Visual Studio Version 16
VisualStudioVersion = 16.0.31205.134
MinimumVisualStudioVersion = 10.0.40219.1
Project("{9A19103F-16F7-4668-BE54-9A1E7A4F7556}") = "API", "API\API.csproj", "{F83790F5-A6E4-43A0-9834-F758EA410BB6}"
EndProject
Project("{FAE04EC0-301F-11D3-BF4B-00C04F79EFBC}") = "Backoffice", "Backoffice\Backoffice.csproj", "{F108BDFA-399A-4DCB-8E77-FA232BDA6F74}"
EndProject
Project("{9A19103F-16F7-4668-BE54-9A1E7A4F7556}") = "API_NET2", "API_NET2\API_NET2.csproj", "{795370EA-29E9-4B71-BB2E-5C009CCAE071}"
EndProject
Global
	GlobalSection(SolutionConfigurationPlatforms) = preSolution
		Debug|Any CPU = Debug|Any CPU
		Release|Any CPU = Release|Any CPU
	EndGlobalSection
	GlobalSection(ProjectConfigurationPlatforms) = postSolution
		{F83790F5-A6E4-43A0-9834-F758EA410BB6}.Debug|Any CPU.ActiveCfg = Debug|Any CPU
		{F83790F5-A6E4-43A0-9834-F758EA410BB6}.Debug|Any CPU.Build.0 = Debug|Any CPU
		{F83790F5-A6E4-43A0-9834-F758EA410BB6}.Release|Any CPU.ActiveCfg = Release|Any CPU
		{F83790F5-A6E4-43A0-9834-F758EA410BB6}.Release|Any CPU.Build.0 = Release|Any CPU
		{F108BDFA-399A-4DCB-8E77-FA232BDA6F74}.Debug|Any CPU.ActiveCfg = Debug|Any CPU
		{F108BDFA-399A-4DCB-8E77-FA232BDA6F74}.Debug|Any CPU.Build.0 = Debug|Any CPU
		{F108BDFA-399A-4DCB-8E77-FA232BDA6F74}.Release|Any CPU.ActiveCfg = Release|Any CPU
		{F108BDFA-399A-4DCB-8E77-FA232BDA6F74}.Release|Any CPU.Build.0 = Release|Any CPU
		{795370EA-29E9-4B71-BB2E-5C009CCAE071}.Debug|Any CPU.ActiveCfg = Debug|Any CPU
		{795370EA-29E9-4B71-BB2E-5C009CCAE071}.Debug|Any CPU.Build.0 = Debug|Any CPU
		{795370EA-29E9-4B71-BB2E-5C009CCAE071}.Release|Any CPU.ActiveCfg = Release|Any CPU
		{795370EA-29E9-4B71-BB2E-5C009CCAE071}.Release|Any CPU.Build.0 = Release|Any CPU
	EndGlobalSection
	GlobalSection(SolutionProperties) = preSolution
		HideSolutionNode = FALSE
	EndGlobalSection
	GlobalSection(ExtensibilityGlobals) = postSolution
		SolutionGuid = {B0102576-F773-4AA7-B51D-511204E114E7}
	EndGlobalSection
EndGlobal
